
Microsoft Visual Studio Solution File, Format Version 12.00
# Visual Studio 15
VisualStudioVersion = 15.0.28010.2041
MinimumVisualStudioVersion = 10.0.40219.1
Project("{FAE04EC0-301F-11D3-BF4B-00C04F79EFBC}") = "Lotto+LINQ", "Lotto+LINQ\Lotto+LINQ.csproj", "{D275EDCD-E3A8-447B-9296-3AFC1AB86583}"
EndProject
Global
	GlobalSection(SolutionConfigurationPlatforms) = preSolution
		Debug|Any CPU = Debug|Any CPU
		Release|Any CPU = Release|Any CPU
	EndGlobalSection
	GlobalSection(ProjectConfigurationPlatforms) = postSolution
		{D275EDCD-E3A8-447B-9296-3AFC1AB86583}.Debug|Any CPU.ActiveCfg = Debug|Any CPU
		{D275EDCD-E3A8-447B-9296-3AFC1AB86583}.Debug|Any CPU.Build.0 = Debug|Any CPU
		{D275EDCD-E3A8-447B-9296-3AFC1AB86583}.Release|Any CPU.ActiveCfg = Release|Any CPU
		{D275EDCD-E3A8-447B-9296-3AFC1AB86583}.Release|Any CPU.Build.0 = Release|Any CPU
	EndGlobalSection
	GlobalSection(SolutionProperties) = preSolution
		HideSolutionNode = FALSE
	EndGlobalSection
	GlobalSection(ExtensibilityGlobals) = postSolution
		SolutionGuid = {E08CAAE7-A9BC-4201-9F15-D1E865BAB89D}
	EndGlobalSection
EndGlobal
